// !$*UTF8*$!
{
	archiveVersion = 1;
	classes = {
	};
	objectVersion = 46;
	objects = {

/* Begin PBXBuildFile section */
		6464CE20195F2BFF00358D70 /* Foundation.framework in Frameworks */ = {isa = PBXBuildFile; fileRef = 6464CE1F195F2BFF00358D70 /* Foundation.framework */; };
		6464CE22195F2BFF00358D70 /* CoreGraphics.framework in Frameworks */ = {isa = PBXBuildFile; fileRef = 6464CE21195F2BFF00358D70 /* CoreGraphics.framework */; };
		6464CE24195F2BFF00358D70 /* UIKit.framework in Frameworks */ = {isa = PBXBuildFile; fileRef = 6464CE23195F2BFF00358D70 /* UIKit.framework */; };
		6464CE2A195F2BFF00358D70 /* InfoPlist.strings in Resources */ = {isa = PBXBuildFile; fileRef = 6464CE28195F2BFF00358D70 /* InfoPlist.strings */; };
		6464CE2C195F2BFF00358D70 /* main.m in Sources */ = {isa = PBXBuildFile; fileRef = 6464CE2B195F2BFF00358D70 /* main.m */; };
		6464CE30195F2BFF00358D70 /* AppDelegate.m in Sources */ = {isa = PBXBuildFile; fileRef = 6464CE2F195F2BFF00358D70 /* AppDelegate.m */; };
		6464CE33195F2BFF00358D70 /* Main_iPhone.storyboard in Resources */ = {isa = PBXBuildFile; fileRef = 6464CE31195F2BFF00358D70 /* Main_iPhone.storyboard */; };
		6464CE36195F2BFF00358D70 /* Main_iPad.storyboard in Resources */ = {isa = PBXBuildFile; fileRef = 6464CE34195F2BFF00358D70 /* Main_iPad.storyboard */; };
		6464CE39195F2BFF00358D70 /* ViewController.m in Sources */ = {isa = PBXBuildFile; fileRef = 6464CE38195F2BFF00358D70 /* ViewController.m */; };
		6464CE3B195F2BFF00358D70 /* Images.xcassets in Resources */ = {isa = PBXBuildFile; fileRef = 6464CE3A195F2BFF00358D70 /* Images.xcassets */; };
		6464CE42195F2BFF00358D70 /* XCTest.framework in Frameworks */ = {isa = PBXBuildFile; fileRef = 6464CE41195F2BFF00358D70 /* XCTest.framework */; };
		6464CE43195F2BFF00358D70 /* Foundation.framework in Frameworks */ = {isa = PBXBuildFile; fileRef = 6464CE1F195F2BFF00358D70 /* Foundation.framework */; };
		6464CE44195F2BFF00358D70 /* UIKit.framework in Frameworks */ = {isa = PBXBuildFile; fileRef = 6464CE23195F2BFF00358D70 /* UIKit.framework */; };
		6464CE4C195F2BFF00358D70 /* InfoPlist.strings in Resources */ = {isa = PBXBuildFile; fileRef = 6464CE4A195F2BFF00358D70 /* InfoPlist.strings */; };
		6464CE4E195F2BFF00358D70 /* Space___PlanetsTests.m in Sources */ = {isa = PBXBuildFile; fileRef = 6464CE4D195F2BFF00358D70 /* Space___PlanetsTests.m */; };
/* End PBXBuildFile section */

/* Begin PBXContainerItemProxy section */
		6464CE45195F2BFF00358D70 /* PBXContainerItemProxy */ = {
			isa = PBXContainerItemProxy;
			containerPortal = 6464CE14195F2BFE00358D70 /* Project object */;
			proxyType = 1;
			remoteGlobalIDString = 6464CE1B195F2BFE00358D70;
			remoteInfo = "Space & Planets";
		};
/* End PBXContainerItemProxy section */

/* Begin PBXFileReference section */
		6464CE1C195F2BFE00358D70 /* Space & Planets.app */ = {isa = PBXFileReference; explicitFileType = wrapper.application; includeInIndex = 0; path = "Space & Planets.app"; sourceTree = BUILT_PRODUCTS_DIR; };
		6464CE1F195F2BFF00358D70 /* Foundation.framework */ = {isa = PBXFileReference; lastKnownFileType = wrapper.framework; name = Foundation.framework; path = System/Library/Frameworks/Foundation.framework; sourceTree = SDKROOT; };
		6464CE21195F2BFF00358D70 /* CoreGraphics.framework */ = {isa = PBXFileReference; lastKnownFileType = wrapper.framework; name = CoreGraphics.framework; path = System/Library/Frameworks/CoreGraphics.framework; sourceTree = SDKROOT; };
		6464CE23195F2BFF00358D70 /* UIKit.framework */ = {isa = PBXFileReference; lastKnownFileType = wrapper.framework; name = UIKit.framework; path = System/Library/Frameworks/UIKit.framework; sourceTree = SDKROOT; };
		6464CE27195F2BFF00358D70 /* Space & Planets-Info.plist */ = {isa = PBXFileReference; lastKnownFileType = text.plist.xml; path = "Space & Planets-Info.plist"; sourceTree = "<group>"; };
		6464CE29195F2BFF00358D70 /* en */ = {isa = PBXFileReference; lastKnownFileType = text.plist.strings; name = en; path = en.lproj/InfoPlist.strings; sourceTree = "<group>"; };
		6464CE2B195F2BFF00358D70 /* main.m */ = {isa = PBXFileReference; lastKnownFileType = sourcecode.c.objc; path = main.m; sourceTree = "<group>"; };
		6464CE2D195F2BFF00358D70 /* Space & Planets-Prefix.pch */ = {isa = PBXFileReference; lastKnownFileType = sourcecode.c.h; path = "Space & Planets-Prefix.pch"; sourceTree = "<group>"; };
		6464CE2E195F2BFF00358D70 /* AppDelegate.h */ = {isa = PBXFileReference; lastKnownFileType = sourcecode.c.h; path = AppDelegate.h; sourceTree = "<group>"; };
		6464CE2F195F2BFF00358D70 /* AppDelegate.m */ = {isa = PBXFileReference; lastKnownFileType = sourcecode.c.objc; path = AppDelegate.m; sourceTree = "<group>"; };
		6464CE32195F2BFF00358D70 /* Base */ = {isa = PBXFileReference; lastKnownFileType = file.storyboard; name = Base; path = Base.lproj/Main_iPhone.storyboard; sourceTree = "<group>"; };
		6464CE35195F2BFF00358D70 /* Base */ = {isa = PBXFileReference; lastKnownFileType = file.storyboard; name = Base; path = Base.lproj/Main_iPad.storyboard; sourceTree = "<group>"; };
		6464CE37195F2BFF00358D70 /* ViewController.h */ = {isa = PBXFileReference; lastKnownFileType = sourcecode.c.h; path = ViewController.h; sourceTree = "<group>"; };
		6464CE38195F2BFF00358D70 /* ViewController.m */ = {isa = PBXFileReference; lastKnownFileType = sourcecode.c.objc; path = ViewController.m; sourceTree = "<group>"; };
		6464CE3A195F2BFF00358D70 /* Images.xcassets */ = {isa = PBXFileReference; lastKnownFileType = folder.assetcatalog; path = Images.xcassets; sourceTree = "<group>"; };
		6464CE40195F2BFF00358D70 /* Space & PlanetsTests.xctest */ = {isa = PBXFileReference; explicitFileType = wrapper.cfbundle; includeInIndex = 0; path = "Space & PlanetsTests.xctest"; sourceTree = BUILT_PRODUCTS_DIR; };
		6464CE41195F2BFF00358D70 /* XCTest.framework */ = {isa = PBXFileReference; lastKnownFileType = wrapper.framework; name = XCTest.framework; path = Library/Frameworks/XCTest.framework; sourceTree = DEVELOPER_DIR; };
		6464CE49195F2BFF00358D70 /* Space & PlanetsTests-Info.plist */ = {isa = PBXFileReference; lastKnownFileType = text.plist.xml; path = "Space & PlanetsTests-Info.plist"; sourceTree = "<group>"; };
		6464CE4B195F2BFF00358D70 /* en */ = {isa = PBXFileReference; lastKnownFileType = text.plist.strings; name = en; path = en.lproj/InfoPlist.strings; sourceTree = "<group>"; };
		6464CE4D195F2BFF00358D70 /* Space___PlanetsTests.m */ = {isa = PBXFileReference; lastKnownFileType = sourcecode.c.objc; path = "Space___PlanetsTests.m"; sourceTree = "<group>"; };
/* End PBXFileReference section */

/* Begin PBXFrameworksBuildPhase section */
		6464CE19195F2BFE00358D70 /* Frameworks */ = {
			isa = PBXFrameworksBuildPhase;
			buildActionMask = 2147483647;
			files = (
				6464CE22195F2BFF00358D70 /* CoreGraphics.framework in Frameworks */,
				6464CE24195F2BFF00358D70 /* UIKit.framework in Frameworks */,
				6464CE20195F2BFF00358D70 /* Foundation.framework in Frameworks */,
			);
			runOnlyForDeploymentPostprocessing = 0;
		};
		6464CE3D195F2BFF00358D70 /* Frameworks */ = {
			isa = PBXFrameworksBuildPhase;
			buildActionMask = 2147483647;
			files = (
				6464CE42195F2BFF00358D70 /* XCTest.framework in Frameworks */,
				6464CE44195F2BFF00358D70 /* UIKit.framework in Frameworks */,
				6464CE43195F2BFF00358D70 /* Foundation.framework in Frameworks */,
			);
			runOnlyForDeploymentPostprocessing = 0;
		};
/* End PBXFrameworksBuildPhase section */

/* Begin PBXGroup section */
		6464CE13195F2BFE00358D70 = {
			isa = PBXGroup;
			children = (
				6464CE25195F2BFF00358D70 /* Space & Planets */,
				6464CE47195F2BFF00358D70 /* Space & PlanetsTests */,
				6464CE1E195F2BFE00358D70 /* Frameworks */,
				6464CE1D195F2BFE00358D70 /* Products */,
			);
			sourceTree = "<group>";
		};
		6464CE1D195F2BFE00358D70 /* Products */ = {
			isa = PBXGroup;
			children = (
				6464CE1C195F2BFE00358D70 /* Space & Planets.app */,
				6464CE40195F2BFF00358D70 /* Space & PlanetsTests.xctest */,
			);
			name = Products;
			sourceTree = "<group>";
		};
		6464CE1E195F2BFE00358D70 /* Frameworks */ = {
			isa = PBXGroup;
			children = (
				6464CE1F195F2BFF00358D70 /* Foundation.framework */,
				6464CE21195F2BFF00358D70 /* CoreGraphics.framework */,
				6464CE23195F2BFF00358D70 /* UIKit.framework */,
				6464CE41195F2BFF00358D70 /* XCTest.framework */,
			);
			name = Frameworks;
			sourceTree = "<group>";
		};
		6464CE25195F2BFF00358D70 /* Space & Planets */ = {
			isa = PBXGroup;
			children = (
				6464CE2E195F2BFF00358D70 /* AppDelegate.h */,
				6464CE2F195F2BFF00358D70 /* AppDelegate.m */,
				6464CE31195F2BFF00358D70 /* Main_iPhone.storyboard */,
				6464CE34195F2BFF00358D70 /* Main_iPad.storyboard */,
				6464CE37195F2BFF00358D70 /* ViewController.h */,
				6464CE38195F2BFF00358D70 /* ViewController.m */,
				6464CE3A195F2BFF00358D70 /* Images.xcassets */,
				6464CE26195F2BFF00358D70 /* Supporting Files */,
			);
			path = "Space & Planets";
			sourceTree = "<group>";
		};
		6464CE26195F2BFF00358D70 /* Supporting Files */ = {
			isa = PBXGroup;
			children = (
				6464CE27195F2BFF00358D70 /* Space & Planets-Info.plist */,
				6464CE28195F2BFF00358D70 /* InfoPlist.strings */,
				6464CE2B195F2BFF00358D70 /* main.m */,
				6464CE2D195F2BFF00358D70 /* Space & Planets-Prefix.pch */,
			);
			name = "Supporting Files";
			sourceTree = "<group>";
		};
		6464CE47195F2BFF00358D70 /* Space & PlanetsTests */ = {
			isa = PBXGroup;
			children = (
				6464CE4D195F2BFF00358D70 /* Space___PlanetsTests.m */,
				6464CE48195F2BFF00358D70 /* Supporting Files */,
			);
			path = "Space & PlanetsTests";
			sourceTree = "<group>";
		};
		6464CE48195F2BFF00358D70 /* Supporting Files */ = {
			isa = PBXGroup;
			children = (
				6464CE49195F2BFF00358D70 /* Space & PlanetsTests-Info.plist */,
				6464CE4A195F2BFF00358D70 /* InfoPlist.strings */,
			);
			name = "Supporting Files";
			sourceTree = "<group>";
		};
/* End PBXGroup section */

/* Begin PBXNativeTarget section */
		6464CE1B195F2BFE00358D70 /* Space & Planets */ = {
			isa = PBXNativeTarget;
			buildConfigurationList = 6464CE51195F2BFF00358D70 /* Build configuration list for PBXNativeTarget "Space & Planets" */;
			buildPhases = (
				6464CE18195F2BFE00358D70 /* Sources */,
				6464CE19195F2BFE00358D70 /* Frameworks */,
				6464CE1A195F2BFE00358D70 /* Resources */,
			);
			buildRules = (
			);
			dependencies = (
			);
			name = "Space & Planets";
			productName = "Space & Planets";
			productReference = 6464CE1C195F2BFE00358D70 /* Space & Planets.app */;
			productType = "com.apple.product-type.application";
		};
		6464CE3F195F2BFF00358D70 /* Space & PlanetsTests */ = {
			isa = PBXNativeTarget;
			buildConfigurationList = 6464CE54195F2BFF00358D70 /* Build configuration list for PBXNativeTarget "Space & PlanetsTests" */;
			buildPhases = (
				6464CE3C195F2BFF00358D70 /* Sources */,
				6464CE3D195F2BFF00358D70 /* Frameworks */,
				6464CE3E195F2BFF00358D70 /* Resources */,
			);
			buildRules = (
			);
			dependencies = (
				6464CE46195F2BFF00358D70 /* PBXTargetDependency */,
			);
			name = "Space & PlanetsTests";
			productName = "Space & PlanetsTests";
			productReference = 6464CE40195F2BFF00358D70 /* Space & PlanetsTests.xctest */;
			productType = "com.apple.product-type.bundle.unit-test";
		};
/* End PBXNativeTarget section */

/* Begin PBXProject section */
		6464CE14195F2BFE00358D70 /* Project object */ = {
			isa = PBXProject;
			attributes = {
				LastUpgradeCheck = 0510;
				ORGANIZATIONNAME = CollegeBlink;
				TargetAttributes = {
					6464CE3F195F2BFF00358D70 = {
						TestTargetID = 6464CE1B195F2BFE00358D70;
					};
				};
			};
			buildConfigurationList = 6464CE17195F2BFE00358D70 /* Build configuration list for PBXProject "Space & Planets" */;
			compatibilityVersion = "Xcode 3.2";
			developmentRegion = English;
			hasScannedForEncodings = 0;
			knownRegions = (
				en,
				Base,
			);
			mainGroup = 6464CE13195F2BFE00358D70;
			productRefGroup = 6464CE1D195F2BFE00358D70 /* Products */;
			projectDirPath = "";
			projectRoot = "";
			targets = (
				6464CE1B195F2BFE00358D70 /* Space & Planets */,
				6464CE3F195F2BFF00358D70 /* Space & PlanetsTests */,
			);
		};
/* End PBXProject section */

/* Begin PBXResourcesBuildPhase section */
		6464CE1A195F2BFE00358D70 /* Resources */ = {
			isa = PBXResourcesBuildPhase;
			buildActionMask = 2147483647;
			files = (
				6464CE36195F2BFF00358D70 /* Main_iPad.storyboard in Resources */,
				6464CE3B195F2BFF00358D70 /* Images.xcassets in Resources */,
				6464CE33195F2BFF00358D70 /* Main_iPhone.storyboard in Resources */,
				6464CE2A195F2BFF00358D70 /* InfoPlist.strings in Resources */,
			);
			runOnlyForDeploymentPostprocessing = 0;
		};
		6464CE3E195F2BFF00358D70 /* Resources */ = {
			isa = PBXResourcesBuildPhase;
			buildActionMask = 2147483647;
			files = (
				6464CE4C195F2BFF00358D70 /* InfoPlist.strings in Resources */,
			);
			runOnlyForDeploymentPostprocessing = 0;
		};
/* End PBXResourcesBuildPhase section */

/* Begin PBXSourcesBuildPhase section */
		6464CE18195F2BFE00358D70 /* Sources */ = {
			isa = PBXSourcesBuildPhase;
			buildActionMask = 2147483647;
			files = (
				6464CE39195F2BFF00358D70 /* ViewController.m in Sources */,
				6464CE30195F2BFF00358D70 /* AppDelegate.m in Sources */,
				6464CE2C195F2BFF00358D70 /* main.m in Sources */,
			);
			runOnlyForDeploymentPostprocessing = 0;
		};
		6464CE3C195F2BFF00358D70 /* Sources */ = {
			isa = PBXSourcesBuildPhase;
			buildActionMask = 2147483647;
			files = (
				6464CE4E195F2BFF00358D70 /* Space___PlanetsTests.m in Sources */,
			);
			runOnlyForDeploymentPostprocessing = 0;
		};
/* End PBXSourcesBuildPhase section */

/* Begin PBXTargetDependency section */
		6464CE46195F2BFF00358D70 /* PBXTargetDependency */ = {
			isa = PBXTargetDependency;
			target = 6464CE1B195F2BFE00358D70 /* Space & Planets */;
			targetProxy = 6464CE45195F2BFF00358D70 /* PBXContainerItemProxy */;
		};
/* End PBXTargetDependency section */

/* Begin PBXVariantGroup section */
		6464CE28195F2BFF00358D70 /* InfoPlist.strings */ = {
			isa = PBXVariantGroup;
			children = (
				6464CE29195F2BFF00358D70 /* en */,
			);
			name = InfoPlist.strings;
			sourceTree = "<group>";
		};
		6464CE31195F2BFF00358D70 /* Main_iPhone.storyboard */ = {
			isa = PBXVariantGroup;
			children = (
				6464CE32195F2BFF00358D70 /* Base */,
			);
			name = Main_iPhone.storyboard;
			sourceTree = "<group>";
		};
		6464CE34195F2BFF00358D70 /* Main_iPad.storyboard */ = {
			isa = PBXVariantGroup;
			children = (
				6464CE35195F2BFF00358D70 /* Base */,
			);
			name = Main_iPad.storyboard;
			sourceTree = "<group>";
		};
		6464CE4A195F2BFF00358D70 /* InfoPlist.strings */ = {
			isa = PBXVariantGroup;
			children = (
				6464CE4B195F2BFF00358D70 /* en */,
			);
			name = InfoPlist.strings;
			sourceTree = "<group>";
		};
/* End PBXVariantGroup section */

/* Begin XCBuildConfiguration section */
		6464CE4F195F2BFF00358D70 /* Debug */ = {
			isa = XCBuildConfiguration;
			buildSettings = {
				ALWAYS_SEARCH_USER_PATHS = NO;
				CLANG_CXX_LANGUAGE_STANDARD = "gnu++0x";
				CLANG_CXX_LIBRARY = "libc++";
				CLANG_ENABLE_MODULES = YES;
				CLANG_ENABLE_OBJC_ARC = YES;
				CLANG_WARN_BOOL_CONVERSION = YES;
				CLANG_WARN_CONSTANT_CONVERSION = YES;
				CLANG_WARN_DIRECT_OBJC_ISA_USAGE = YES_ERROR;
				CLANG_WARN_EMPTY_BODY = YES;
				CLANG_WARN_ENUM_CONVERSION = YES;
				CLANG_WARN_INT_CONVERSION = YES;
				CLANG_WARN_OBJC_ROOT_CLASS = YES_ERROR;
				CLANG_WARN__DUPLICATE_METHOD_MATCH = YES;
				"CODE_SIGN_IDENTITY[sdk=iphoneos*]" = "iPhone Developer";
				COPY_PHASE_STRIP = NO;
				GCC_C_LANGUAGE_STANDARD = gnu99;
				GCC_DYNAMIC_NO_PIC = NO;
				GCC_OPTIMIZATION_LEVEL = 0;
				GCC_PREPROCESSOR_DEFINITIONS = (
					"DEBUG=1",
					"$(inherited)",
				);
				GCC_SYMBOLS_PRIVATE_EXTERN = NO;
				GCC_WARN_64_TO_32_BIT_CONVERSION = YES;
				GCC_WARN_ABOUT_RETURN_TYPE = YES_ERROR;
				GCC_WARN_UNDECLARED_SELECTOR = YES;
				GCC_WARN_UNINITIALIZED_AUTOS = YES_AGGRESSIVE;
				GCC_WARN_UNUSED_FUNCTION = YES;
				GCC_WARN_UNUSED_VARIABLE = YES;
				IPHONEOS_DEPLOYMENT_TARGET = 7.1;
				ONLY_ACTIVE_ARCH = YES;
				SDKROOT = iphoneos;
				TARGETED_DEVICE_FAMILY = "1,2";
			};
			name = Debug;
		};
		6464CE50195F2BFF00358D70 /* Release */ = {
			isa = XCBuildConfiguration;
			buildSettings = {
				ALWAYS_SEARCH_USER_PATHS = NO;
				CLANG_CXX_LANGUAGE_STANDARD = "gnu++0x";
				CLANG_CXX_LIBRARY = "libc++";
				CLANG_ENABLE_MODULES = YES;
				CLANG_ENABLE_OBJC_ARC = YES;
				CLANG_WARN_BOOL_CONVERSION = YES;
				CLANG_WARN_CONSTANT_CONVERSION = YES;
				CLANG_WARN_DIRECT_OBJC_ISA_USAGE = YES_ERROR;
				CLANG_WARN_EMPTY_BODY = YES;
				CLANG_WARN_ENUM_CONVERSION = YES;
				CLANG_WARN_INT_CONVERSION = YES;
				CLANG_WARN_OBJC_ROOT_CLASS = YES_ERROR;
				CLANG_WARN__DUPLICATE_METHOD_MATCH = YES;
				"CODE_SIGN_IDENTITY[sdk=iphoneos*]" = "iPhone Developer";
				COPY_PHASE_STRIP = YES;
				ENABLE_NS_ASSERTIONS = NO;
				GCC_C_LANGUAGE_STANDARD = gnu99;
				GCC_WARN_64_TO_32_BIT_CONVERSION = YES;
				GCC_WARN_ABOUT_RETURN_TYPE = YES_ERROR;
				GCC_WARN_UNDECLARED_SELECTOR = YES;
				GCC_WARN_UNINITIALIZED_AUTOS = YES_AGGRESSIVE;
				GCC_WARN_UNUSED_FUNCTION = YES;
				GCC_WARN_UNUSED_VARIABLE = YES;
				IPHONEOS_DEPLOYMENT_TARGET = 7.1;
				SDKROOT = iphoneos;
				TARGETED_DEVICE_FAMILY = "1,2";
				VALIDATE_PRODUCT = YES;
			};
			name = Release;
		};
		6464CE52195F2BFF00358D70 /* Debug */ = {
			isa = XCBuildConfiguration;
			buildSettings = {
				ASSETCATALOG_COMPILER_APPICON_NAME = AppIcon;
				ASSETCATALOG_COMPILER_LAUNCHIMAGE_NAME = LaunchImage;
				GCC_PRECOMPILE_PREFIX_HEADER = YES;
				GCC_PREFIX_HEADER = "Space & Planets/Space & Planets-Prefix.pch";
				INFOPLIST_FILE = "Space & Planets/Space & Planets-Info.plist";
				PRODUCT_NAME = "$(TARGET_NAME)";
				WRAPPER_EXTENSION = app;
			};
			name = Debug;
		};
		6464CE53195F2BFF00358D70 /* Release */ = {
			isa = XCBuildConfiguration;
			buildSettings = {
				ASSETCATALOG_COMPILER_APPICON_NAME = AppIcon;
				ASSETCATALOG_COMPILER_LAUNCHIMAGE_NAME = LaunchImage;
				GCC_PRECOMPILE_PREFIX_HEADER = YES;
				GCC_PREFIX_HEADER = "Space & Planets/Space & Planets-Prefix.pch";
				INFOPLIST_FILE = "Space & Planets/Space & Planets-Info.plist";
				PRODUCT_NAME = "$(TARGET_NAME)";
				WRAPPER_EXTENSION = app;
			};
			name = Release;
		};
		6464CE55195F2BFF00358D70 /* Debug */ = {
			isa = XCBuildConfiguration;
			buildSettings = {
				BUNDLE_LOADER = "$(BUILT_PRODUCTS_DIR)/Space & Planets.app/Space & Planets";
				FRAMEWORK_SEARCH_PATHS = (
					"$(SDKROOT)/Developer/Library/Frameworks",
					"$(inherited)",
					"$(DEVELOPER_FRAMEWORKS_DIR)",
				);
				GCC_PRECOMPILE_PREFIX_HEADER = YES;
				GCC_PREFIX_HEADER = "Space & Planets/Space & Planets-Prefix.pch";
				GCC_PREPROCESSOR_DEFINITIONS = (
					"DEBUG=1",
					"$(inherited)",
				);
				INFOPLIST_FILE = "Space & PlanetsTests/Space & PlanetsTests-Info.plist";
				PRODUCT_NAME = "$(TARGET_NAME)";
				TEST_HOST = "$(BUNDLE_LOADER)";
				WRAPPER_EXTENSION = xctest;
			};
			name = Debug;
		};
		6464CE56195F2BFF00358D70 /* Release */ = {
			isa = XCBuildConfiguration;
			buildSettings = {
				BUNDLE_LOADER = "$(BUILT_PRODUCTS_DIR)/Space & Planets.app/Space & Planets";
				FRAMEWORK_SEARCH_PATHS = (
					"$(SDKROOT)/Developer/Library/Frameworks",
					"$(inherited)",
					"$(DEVELOPER_FRAMEWORKS_DIR)",
				);
				GCC_PRECOMPILE_PREFIX_HEADER = YES;
				GCC_PREFIX_HEADER = "Space & Planets/Space & Planets-Prefix.pch";
				INFOPLIST_FILE = "Space & PlanetsTests/Space & PlanetsTests-Info.plist";
				PRODUCT_NAME = "$(TARGET_NAME)";
				TEST_HOST = "$(BUNDLE_LOADER)";
				WRAPPER_EXTENSION = xctest;
			};
			name = Release;
		};
/* End XCBuildConfiguration section */

/* Begin XCConfigurationList section */
		6464CE17195F2BFE00358D70 /* Build configuration list for PBXProject "Space & Planets" */ = {
			isa = XCConfigurationList;
			buildConfigurations = (
				6464CE4F195F2BFF00358D70 /* Debug */,
				6464CE50195F2BFF00358D70 /* Release */,
			);
			defaultConfigurationIsVisible = 0;
			defaultConfigurationName = Release;
		};
		6464CE51195F2BFF00358D70 /* Build configuration list for PBXNativeTarget "Space & Planets" */ = {
			isa = XCConfigurationList;
			buildConfigurations = (
				6464CE52195F2BFF00358D70 /* Debug */,
				6464CE53195F2BFF00358D70 /* Release */,
			);
			defaultConfigurationIsVisible = 0;
		};
		6464CE54195F2BFF00358D70 /* Build configuration list for PBXNativeTarget "Space & PlanetsTests" */ = {
			isa = XCConfigurationList;
			buildConfigurations = (
				6464CE55195F2BFF00358D70 /* Debug */,
				6464CE56195F2BFF00358D70 /* Release */,
			);
			defaultConfigurationIsVisible = 0;
		};
/* End XCConfigurationList section */
	};
	rootObject = 6464CE14195F2BFE00358D70 /* Project object */;
}
